// !$*UTF8*$!
{
	archiveVersion = 1;
	classes = {
	};
	objectVersion = 48;
	objects = {

/* Begin PBXBuildFile section */
		A10112C81F470652002D69F8 /* AppDelegate.swift in Sources */ = {isa = PBXBuildFile; fileRef = A10112C71F470652002D69F8 /* AppDelegate.swift */; };
		A10112CD1F470652002D69F8 /* Main.storyboard in Resources */ = {isa = PBXBuildFile; fileRef = A10112CB1F470652002D69F8 /* Main.storyboard */; };
		A10112CF1F470652002D69F8 /* Assets.xcassets in Resources */ = {isa = PBXBuildFile; fileRef = A10112CE1F470652002D69F8 /* Assets.xcassets */; };
		A10112D21F470652002D69F8 /* LaunchScreen.storyboard in Resources */ = {isa = PBXBuildFile; fileRef = A10112D01F470652002D69F8 /* LaunchScreen.storyboard */; };
		A10112E41F471696002D69F8 /* ChatVC.swift in Sources */ = {isa = PBXBuildFile; fileRef = A10112E31F471696002D69F8 /* ChatVC.swift */; };
		A10112E61F4716A6002D69F8 /* ChannelVC.swift in Sources */ = {isa = PBXBuildFile; fileRef = A10112E51F4716A6002D69F8 /* ChannelVC.swift */; };
		A10112E71F47198C002D69F8 /* SWRevealViewController.m in Sources */ = {isa = PBXBuildFile; fileRef = A10112DC1F471323002D69F8 /* SWRevealViewController.m */; };
		A10112E91F471E66002D69F8 /* GradientView.swift in Sources */ = {isa = PBXBuildFile; fileRef = A10112E81F471E66002D69F8 /* GradientView.swift */; };
		A10112EC1F4729F5002D69F8 /* Constants.swift in Sources */ = {isa = PBXBuildFile; fileRef = A10112EB1F4729F5002D69F8 /* Constants.swift */; };
		A10112F01F472E2D002D69F8 /* LoginVC.swift in Sources */ = {isa = PBXBuildFile; fileRef = A10112EF1F472E2D002D69F8 /* LoginVC.swift */; };
		A10112F21F473102002D69F8 /* CreateAccountVC.swift in Sources */ = {isa = PBXBuildFile; fileRef = A10112F11F473102002D69F8 /* CreateAccountVC.swift */; };
		A13101071F49B16C0086CC0C /* UserDataService.swift in Sources */ = {isa = PBXBuildFile; fileRef = A13101061F49B16C0086CC0C /* UserDataService.swift */; };
		A131010B1F4AD4D10086CC0C /* AvatarPickerVC.swift in Sources */ = {isa = PBXBuildFile; fileRef = A131010A1F4AD4D10086CC0C /* AvatarPickerVC.swift */; };
		A131010D1F4ADC990086CC0C /* AvatarCell.swift in Sources */ = {isa = PBXBuildFile; fileRef = A131010C1F4ADC990086CC0C /* AvatarCell.swift */; };
		A131010F1F4AEC750086CC0C /* CircleImage.swift in Sources */ = {isa = PBXBuildFile; fileRef = A131010E1F4AEC750086CC0C /* CircleImage.swift */; };
		A13101121F4C26A40086CC0C /* ProfileVC.swift in Sources */ = {isa = PBXBuildFile; fileRef = A13101101F4C26A40086CC0C /* ProfileVC.swift */; };
		A13101131F4C26A40086CC0C /* ProfileVC.xib in Resources */ = {isa = PBXBuildFile; fileRef = A13101111F4C26A40086CC0C /* ProfileVC.xib */; };
		A167AED61F4C402A000FD428 /* MessageService.swift in Sources */ = {isa = PBXBuildFile; fileRef = A167AED51F4C402A000FD428 /* MessageService.swift */; };
		A167AED81F4C405A000FD428 /* Channel.swift in Sources */ = {isa = PBXBuildFile; fileRef = A167AED71F4C405A000FD428 /* Channel.swift */; };
		A1A9509C1F474A1200870F4A /* AuthService.swift in Sources */ = {isa = PBXBuildFile; fileRef = A1A9509B1F474A1200870F4A /* AuthService.swift */; };
		A1A9509E1F498EFD00870F4A /* RoundedButton.swift in Sources */ = {isa = PBXBuildFile; fileRef = A1A9509D1F498EFD00870F4A /* RoundedButton.swift */; };
		D76574AEFCF27EA3C600CCBB /* Pods_smack.framework in Frameworks */ = {isa = PBXBuildFile; fileRef = CE2B74C4077A2BCB5304C4DB /* Pods_smack.framework */; };
/* End PBXBuildFile section */

/* Begin PBXFileReference section */
		A10112C41F470652002D69F8 /* smack.app */ = {isa = PBXFileReference; explicitFileType = wrapper.application; includeInIndex = 0; path = smack.app; sourceTree = BUILT_PRODUCTS_DIR; };
		A10112C71F470652002D69F8 /* AppDelegate.swift */ = {isa = PBXFileReference; lastKnownFileType = sourcecode.swift; path = AppDelegate.swift; sourceTree = "<group>"; };
		A10112CC1F470652002D69F8 /* Base */ = {isa = PBXFileReference; lastKnownFileType = file.storyboard; name = Base; path = Base.lproj/Main.storyboard; sourceTree = "<group>"; };
		A10112CE1F470652002D69F8 /* Assets.xcassets */ = {isa = PBXFileReference; lastKnownFileType = folder.assetcatalog; path = Assets.xcassets; sourceTree = "<group>"; };
		A10112D11F470652002D69F8 /* Base */ = {isa = PBXFileReference; lastKnownFileType = file.storyboard; name = Base; path = Base.lproj/LaunchScreen.storyboard; sourceTree = "<group>"; };
		A10112D31F470652002D69F8 /* Info.plist */ = {isa = PBXFileReference; lastKnownFileType = text.plist.xml; path = Info.plist; sourceTree = "<group>"; };
		A10112DA1F471322002D69F8 /* smack-Bridging-Header.h */ = {isa = PBXFileReference; lastKnownFileType = sourcecode.c.h; path = "smack-Bridging-Header.h"; sourceTree = "<group>"; };
		A10112DB1F471323002D69F8 /* SWRevealViewController.h */ = {isa = PBXFileReference; lastKnownFileType = sourcecode.c.h; path = SWRevealViewController.h; sourceTree = "<group>"; };
		A10112DC1F471323002D69F8 /* SWRevealViewController.m */ = {isa = PBXFileReference; lastKnownFileType = sourcecode.c.objc; path = SWRevealViewController.m; sourceTree = "<group>"; };
		A10112E31F471696002D69F8 /* ChatVC.swift */ = {isa = PBXFileReference; lastKnownFileType = sourcecode.swift; path = ChatVC.swift; sourceTree = "<group>"; };
		A10112E51F4716A6002D69F8 /* ChannelVC.swift */ = {isa = PBXFileReference; lastKnownFileType = sourcecode.swift; path = ChannelVC.swift; sourceTree = "<group>"; };
		A10112E81F471E66002D69F8 /* GradientView.swift */ = {isa = PBXFileReference; lastKnownFileType = sourcecode.swift; path = GradientView.swift; sourceTree = "<group>"; };
		A10112EB1F4729F5002D69F8 /* Constants.swift */ = {isa = PBXFileReference; lastKnownFileType = sourcecode.swift; path = Constants.swift; sourceTree = "<group>"; };
		A10112EF1F472E2D002D69F8 /* LoginVC.swift */ = {isa = PBXFileReference; lastKnownFileType = sourcecode.swift; path = LoginVC.swift; sourceTree = "<group>"; };
		A10112F11F473102002D69F8 /* CreateAccountVC.swift */ = {isa = PBXFileReference; lastKnownFileType = sourcecode.swift; path = CreateAccountVC.swift; sourceTree = "<group>"; };
		A13101061F49B16C0086CC0C /* UserDataService.swift */ = {isa = PBXFileReference; lastKnownFileType = sourcecode.swift; path = UserDataService.swift; sourceTree = "<group>"; };
		A131010A1F4AD4D10086CC0C /* AvatarPickerVC.swift */ = {isa = PBXFileReference; lastKnownFileType = sourcecode.swift; path = AvatarPickerVC.swift; sourceTree = "<group>"; };
		A131010C1F4ADC990086CC0C /* AvatarCell.swift */ = {isa = PBXFileReference; lastKnownFileType = sourcecode.swift; path = AvatarCell.swift; sourceTree = "<group>"; };
		A131010E1F4AEC750086CC0C /* CircleImage.swift */ = {isa = PBXFileReference; lastKnownFileType = sourcecode.swift; path = CircleImage.swift; sourceTree = "<group>"; };
		A13101101F4C26A40086CC0C /* ProfileVC.swift */ = {isa = PBXFileReference; lastKnownFileType = sourcecode.swift; path = ProfileVC.swift; sourceTree = "<group>"; };
		A13101111F4C26A40086CC0C /* ProfileVC.xib */ = {isa = PBXFileReference; lastKnownFileType = file.xib; path = ProfileVC.xib; sourceTree = "<group>"; };
		A167AED51F4C402A000FD428 /* MessageService.swift */ = {isa = PBXFileReference; lastKnownFileType = sourcecode.swift; path = MessageService.swift; sourceTree = "<group>"; };
		A167AED71F4C405A000FD428 /* Channel.swift */ = {isa = PBXFileReference; lastKnownFileType = sourcecode.swift; path = Channel.swift; sourceTree = "<group>"; };
		A1A9509B1F474A1200870F4A /* AuthService.swift */ = {isa = PBXFileReference; lastKnownFileType = sourcecode.swift; path = AuthService.swift; sourceTree = "<group>"; };
		A1A9509D1F498EFD00870F4A /* RoundedButton.swift */ = {isa = PBXFileReference; lastKnownFileType = sourcecode.swift; path = RoundedButton.swift; sourceTree = "<group>"; };
		B086E3D041C26CC21EBE1D4F /* Pods-smack.release.xcconfig */ = {isa = PBXFileReference; includeInIndex = 1; lastKnownFileType = text.xcconfig; name = "Pods-smack.release.xcconfig"; path = "Pods/Target Support Files/Pods-smack/Pods-smack.release.xcconfig"; sourceTree = "<group>"; };
		CE2B74C4077A2BCB5304C4DB /* Pods_smack.framework */ = {isa = PBXFileReference; explicitFileType = wrapper.framework; includeInIndex = 0; path = Pods_smack.framework; sourceTree = BUILT_PRODUCTS_DIR; };
		E744C9B15CB4279C153AF604 /* Pods-smack.debug.xcconfig */ = {isa = PBXFileReference; includeInIndex = 1; lastKnownFileType = text.xcconfig; name = "Pods-smack.debug.xcconfig"; path = "Pods/Target Support Files/Pods-smack/Pods-smack.debug.xcconfig"; sourceTree = "<group>"; };
/* End PBXFileReference section */

/* Begin PBXFrameworksBuildPhase section */
		A10112C11F470652002D69F8 /* Frameworks */ = {
			isa = PBXFrameworksBuildPhase;
			buildActionMask = 2147483647;
			files = (
				D76574AEFCF27EA3C600CCBB /* Pods_smack.framework in Frameworks */,
			);
			runOnlyForDeploymentPostprocessing = 0;
		};
/* End PBXFrameworksBuildPhase section */

/* Begin PBXGroup section */
		3A1CA52D4EB2824BCC09532D /* Pods */ = {
			isa = PBXGroup;
			children = (
				E744C9B15CB4279C153AF604 /* Pods-smack.debug.xcconfig */,
				B086E3D041C26CC21EBE1D4F /* Pods-smack.release.xcconfig */,
			);
			name = Pods;
			sourceTree = "<group>";
		};
		8C49FCAB2054C6D3861E4863 /* Frameworks */ = {
			isa = PBXGroup;
			children = (
				CE2B74C4077A2BCB5304C4DB /* Pods_smack.framework */,
			);
			name = Frameworks;
			sourceTree = "<group>";
		};
		A10112BB1F470652002D69F8 = {
			isa = PBXGroup;
			children = (
				A10112C61F470652002D69F8 /* smack */,
				A10112C51F470652002D69F8 /* Products */,
				3A1CA52D4EB2824BCC09532D /* Pods */,
				8C49FCAB2054C6D3861E4863 /* Frameworks */,
			);
			sourceTree = "<group>";
		};
		A10112C51F470652002D69F8 /* Products */ = {
			isa = PBXGroup;
			children = (
				A10112C41F470652002D69F8 /* smack.app */,
			);
			name = Products;
			sourceTree = "<group>";
		};
		A10112C61F470652002D69F8 /* smack */ = {
			isa = PBXGroup;
			children = (
				A13101141F4C26C40086CC0C /* XIBs */,
				A1A9509A1F4749F400870F4A /* Services */,
				A10112EA1F4729DC002D69F8 /* Utilities */,
				A10112E21F471631002D69F8 /* Model */,
				A10112E11F47162B002D69F8 /* View */,
				A10112E01F47161F002D69F8 /* Controller */,
				A10112D91F471306002D69F8 /* Supporting Files */,
				A10112C71F470652002D69F8 /* AppDelegate.swift */,
				A10112CB1F470652002D69F8 /* Main.storyboard */,
				A10112CE1F470652002D69F8 /* Assets.xcassets */,
				A10112D01F470652002D69F8 /* LaunchScreen.storyboard */,
				A10112D31F470652002D69F8 /* Info.plist */,
			);
			path = smack;
			sourceTree = "<group>";
		};
		A10112D91F471306002D69F8 /* Supporting Files */ = {
			isa = PBXGroup;
			children = (
				A10112DB1F471323002D69F8 /* SWRevealViewController.h */,
				A10112DC1F471323002D69F8 /* SWRevealViewController.m */,
				A10112DA1F471322002D69F8 /* smack-Bridging-Header.h */,
			);
			path = "Supporting Files";
			sourceTree = "<group>";
		};
		A10112E01F47161F002D69F8 /* Controller */ = {
			isa = PBXGroup;
			children = (
				A10112E31F471696002D69F8 /* ChatVC.swift */,
				A10112E51F4716A6002D69F8 /* ChannelVC.swift */,
				A10112EF1F472E2D002D69F8 /* LoginVC.swift */,
				A10112F11F473102002D69F8 /* CreateAccountVC.swift */,
				A131010A1F4AD4D10086CC0C /* AvatarPickerVC.swift */,
				A13101101F4C26A40086CC0C /* ProfileVC.swift */,
			);
			path = Controller;
			sourceTree = "<group>";
		};
		A10112E11F47162B002D69F8 /* View */ = {
			isa = PBXGroup;
			children = (
				A10112E81F471E66002D69F8 /* GradientView.swift */,
				A1A9509D1F498EFD00870F4A /* RoundedButton.swift */,
				A131010C1F4ADC990086CC0C /* AvatarCell.swift */,
				A131010E1F4AEC750086CC0C /* CircleImage.swift */,
			);
			path = View;
			sourceTree = "<group>";
		};
		A10112E21F471631002D69F8 /* Model */ = {
			isa = PBXGroup;
			children = (
				A167AED71F4C405A000FD428 /* Channel.swift */,
			);
			path = Model;
			sourceTree = "<group>";
		};
		A10112EA1F4729DC002D69F8 /* Utilities */ = {
			isa = PBXGroup;
			children = (
				A10112EB1F4729F5002D69F8 /* Constants.swift */,
			);
			path = Utilities;
			sourceTree = "<group>";
		};
		A13101141F4C26C40086CC0C /* XIBs */ = {
			isa = PBXGroup;
			children = (
				A13101111F4C26A40086CC0C /* ProfileVC.xib */,
			);
			path = XIBs;
			sourceTree = "<group>";
		};
		A1A9509A1F4749F400870F4A /* Services */ = {
			isa = PBXGroup;
			children = (
				A1A9509B1F474A1200870F4A /* AuthService.swift */,
				A13101061F49B16C0086CC0C /* UserDataService.swift */,
				A167AED51F4C402A000FD428 /* MessageService.swift */,
			);
			path = Services;
			sourceTree = "<group>";
		};
/* End PBXGroup section */

/* Begin PBXNativeTarget section */
		A10112C31F470652002D69F8 /* smack */ = {
			isa = PBXNativeTarget;
			buildConfigurationList = A10112D61F470652002D69F8 /* Build configuration list for PBXNativeTarget "smack" */;
			buildPhases = (
				8C414C6B8AB0F2F3B8C74FAE /* [CP] Check Pods Manifest.lock */,
				A10112C01F470652002D69F8 /* Sources */,
				A10112C11F470652002D69F8 /* Frameworks */,
				A10112C21F470652002D69F8 /* Resources */,
				F0A2B8CFFDEF4692837A5490 /* [CP] Embed Pods Frameworks */,
				A0B4A5D79708103398D98671 /* [CP] Copy Pods Resources */,
			);
			buildRules = (
			);
			dependencies = (
			);
			name = smack;
			productName = smack;
			productReference = A10112C41F470652002D69F8 /* smack.app */;
			productType = "com.apple.product-type.application";
		};
/* End PBXNativeTarget section */

/* Begin PBXProject section */
		A10112BC1F470652002D69F8 /* Project object */ = {
			isa = PBXProject;
			attributes = {
				LastSwiftUpdateCheck = 0900;
				LastUpgradeCheck = 0900;
				ORGANIZATIONNAME = "Andrew Greenough";
				TargetAttributes = {
					A10112C31F470652002D69F8 = {
						CreatedOnToolsVersion = 9.0;
						LastSwiftMigration = 0900;
					};
				};
			};
			buildConfigurationList = A10112BF1F470652002D69F8 /* Build configuration list for PBXProject "smack" */;
			compatibilityVersion = "Xcode 8.0";
			developmentRegion = en;
			hasScannedForEncodings = 0;
			knownRegions = (
				en,
				Base,
			);
			mainGroup = A10112BB1F470652002D69F8;
			productRefGroup = A10112C51F470652002D69F8 /* Products */;
			projectDirPath = "";
			projectRoot = "";
			targets = (
				A10112C31F470652002D69F8 /* smack */,
			);
		};
/* End PBXProject section */

/* Begin PBXResourcesBuildPhase section */
		A10112C21F470652002D69F8 /* Resources */ = {
			isa = PBXResourcesBuildPhase;
			buildActionMask = 2147483647;
			files = (
				A13101131F4C26A40086CC0C /* ProfileVC.xib in Resources */,
				A10112D21F470652002D69F8 /* LaunchScreen.storyboard in Resources */,
				A10112CF1F470652002D69F8 /* Assets.xcassets in Resources */,
				A10112CD1F470652002D69F8 /* Main.storyboard in Resources */,
			);
			runOnlyForDeploymentPostprocessing = 0;
		};
/* End PBXResourcesBuildPhase section */

/* Begin PBXShellScriptBuildPhase section */
		8C414C6B8AB0F2F3B8C74FAE /* [CP] Check Pods Manifest.lock */ = {
			isa = PBXShellScriptBuildPhase;
			buildActionMask = 2147483647;
			files = (
			);
			inputPaths = (
			);
			name = "[CP] Check Pods Manifest.lock";
			outputPaths = (
			);
			runOnlyForDeploymentPostprocessing = 0;
			shellPath = /bin/sh;
			shellScript = "diff \"${PODS_ROOT}/../Podfile.lock\" \"${PODS_ROOT}/Manifest.lock\" > /dev/null\nif [ $? != 0 ] ; then\n    # print error to STDERR\n    echo \"error: The sandbox is not in sync with the Podfile.lock. Run 'pod install' or update your CocoaPods installation.\" >&2\n    exit 1\nfi\n";
			showEnvVarsInLog = 0;
		};
		A0B4A5D79708103398D98671 /* [CP] Copy Pods Resources */ = {
			isa = PBXShellScriptBuildPhase;
			buildActionMask = 2147483647;
			files = (
			);
			inputPaths = (
			);
			name = "[CP] Copy Pods Resources";
			outputPaths = (
			);
			runOnlyForDeploymentPostprocessing = 0;
			shellPath = /bin/sh;
			shellScript = "\"${SRCROOT}/Pods/Target Support Files/Pods-smack/Pods-smack-resources.sh\"\n";
			showEnvVarsInLog = 0;
		};
		F0A2B8CFFDEF4692837A5490 /* [CP] Embed Pods Frameworks */ = {
			isa = PBXShellScriptBuildPhase;
			buildActionMask = 2147483647;
			files = (
			);
			inputPaths = (
			);
			name = "[CP] Embed Pods Frameworks";
			outputPaths = (
			);
			runOnlyForDeploymentPostprocessing = 0;
			shellPath = /bin/sh;
			shellScript = "\"${SRCROOT}/Pods/Target Support Files/Pods-smack/Pods-smack-frameworks.sh\"\n";
			showEnvVarsInLog = 0;
		};
/* End PBXShellScriptBuildPhase section */

/* Begin PBXSourcesBuildPhase section */
		A10112C01F470652002D69F8 /* Sources */ = {
			isa = PBXSourcesBuildPhase;
			buildActionMask = 2147483647;
			files = (
				A13101121F4C26A40086CC0C /* ProfileVC.swift in Sources */,
				A10112E41F471696002D69F8 /* ChatVC.swift in Sources */,
				A131010B1F4AD4D10086CC0C /* AvatarPickerVC.swift in Sources */,
				A1A9509E1F498EFD00870F4A /* RoundedButton.swift in Sources */,
				A167AED81F4C405A000FD428 /* Channel.swift in Sources */,
				A131010F1F4AEC750086CC0C /* CircleImage.swift in Sources */,
				A167AED61F4C402A000FD428 /* MessageService.swift in Sources */,
				A10112E61F4716A6002D69F8 /* ChannelVC.swift in Sources */,
				A13101071F49B16C0086CC0C /* UserDataService.swift in Sources */,
				A10112F21F473102002D69F8 /* CreateAccountVC.swift in Sources */,
				A1A9509C1F474A1200870F4A /* AuthService.swift in Sources */,
				A10112F01F472E2D002D69F8 /* LoginVC.swift in Sources */,
				A10112E91F471E66002D69F8 /* GradientView.swift in Sources */,
				A131010D1F4ADC990086CC0C /* AvatarCell.swift in Sources */,
				A10112C81F470652002D69F8 /* AppDelegate.swift in Sources */,
				A10112E71F47198C002D69F8 /* SWRevealViewController.m in Sources */,
				A10112EC1F4729F5002D69F8 /* Constants.swift in Sources */,
			);
			runOnlyForDeploymentPostprocessing = 0;
		};
/* End PBXSourcesBuildPhase section */

/* Begin PBXVariantGroup section */
		A10112CB1F470652002D69F8 /* Main.storyboard */ = {
			isa = PBXVariantGroup;
			children = (
				A10112CC1F470652002D69F8 /* Base */,
			);
			name = Main.storyboard;
			sourceTree = "<group>";
		};
		A10112D01F470652002D69F8 /* LaunchScreen.storyboard */ = {
			isa = PBXVariantGroup;
			children = (
				A10112D11F470652002D69F8 /* Base */,
			);
			name = LaunchScreen.storyboard;
			sourceTree = "<group>";
		};
/* End PBXVariantGroup section */

/* Begin XCBuildConfiguration section */
		A10112D41F470652002D69F8 /* Debug */ = {
			isa = XCBuildConfiguration;
			buildSettings = {
				ALWAYS_SEARCH_USER_PATHS = NO;
				CLANG_ANALYZER_NONNULL = YES;
				CLANG_ANALYZER_NUMBER_OBJECT_CONVERSION = YES_AGGRESSIVE;
				CLANG_CXX_LANGUAGE_STANDARD = "gnu++14";
				CLANG_CXX_LIBRARY = "libc++";
				CLANG_ENABLE_MODULES = YES;
				CLANG_ENABLE_OBJC_ARC = YES;
				CLANG_WARN_BLOCK_CAPTURE_AUTORELEASING = YES;
				CLANG_WARN_BOOL_CONVERSION = YES;
				CLANG_WARN_COMMA = YES;
				CLANG_WARN_CONSTANT_CONVERSION = YES;
				CLANG_WARN_DIRECT_OBJC_ISA_USAGE = YES_ERROR;
				CLANG_WARN_DOCUMENTATION_COMMENTS = YES;
				CLANG_WARN_EMPTY_BODY = YES;
				CLANG_WARN_ENUM_CONVERSION = YES;
				CLANG_WARN_INFINITE_RECURSION = YES;
				CLANG_WARN_INT_CONVERSION = YES;
				CLANG_WARN_NON_LITERAL_NULL_CONVERSION = YES;
				CLANG_WARN_OBJC_LITERAL_CONVERSION = YES;
				CLANG_WARN_OBJC_ROOT_CLASS = YES_ERROR;
				CLANG_WARN_RANGE_LOOP_ANALYSIS = YES;
				CLANG_WARN_STRICT_PROTOTYPES = YES;
				CLANG_WARN_SUSPICIOUS_MOVE = YES;
				CLANG_WARN_UNGUARDED_AVAILABILITY = YES_AGGRESSIVE;
				CLANG_WARN_UNREACHABLE_CODE = YES;
				CLANG_WARN__DUPLICATE_METHOD_MATCH = YES;
				CODE_SIGN_IDENTITY = "iPhone Developer";
				COPY_PHASE_STRIP = NO;
				DEBUG_INFORMATION_FORMAT = dwarf;
				ENABLE_STRICT_OBJC_MSGSEND = YES;
				ENABLE_TESTABILITY = YES;
				GCC_C_LANGUAGE_STANDARD = gnu11;
				GCC_DYNAMIC_NO_PIC = NO;
				GCC_NO_COMMON_BLOCKS = YES;
				GCC_OPTIMIZATION_LEVEL = 0;
				GCC_PREPROCESSOR_DEFINITIONS = (
					"DEBUG=1",
					"$(inherited)",
				);
				GCC_WARN_64_TO_32_BIT_CONVERSION = YES;
				GCC_WARN_ABOUT_RETURN_TYPE = YES_ERROR;
				GCC_WARN_UNDECLARED_SELECTOR = YES;
				GCC_WARN_UNINITIALIZED_AUTOS = YES_AGGRESSIVE;
				GCC_WARN_UNUSED_FUNCTION = YES;
				GCC_WARN_UNUSED_VARIABLE = YES;
				IPHONEOS_DEPLOYMENT_TARGET = 11.0;
				MTL_ENABLE_DEBUG_INFO = YES;
				ONLY_ACTIVE_ARCH = YES;
				SDKROOT = iphoneos;
				SWIFT_ACTIVE_COMPILATION_CONDITIONS = DEBUG;
				SWIFT_OPTIMIZATION_LEVEL = "-Onone";
			};
			name = Debug;
		};
		A10112D51F470652002D69F8 /* Release */ = {
			isa = XCBuildConfiguration;
			buildSettings = {
				ALWAYS_SEARCH_USER_PATHS = NO;
				CLANG_ANALYZER_NONNULL = YES;
				CLANG_ANALYZER_NUMBER_OBJECT_CONVERSION = YES_AGGRESSIVE;
				CLANG_CXX_LANGUAGE_STANDARD = "gnu++14";
				CLANG_CXX_LIBRARY = "libc++";
				CLANG_ENABLE_MODULES = YES;
				CLANG_ENABLE_OBJC_ARC = YES;
				CLANG_WARN_BLOCK_CAPTURE_AUTORELEASING = YES;
				CLANG_WARN_BOOL_CONVERSION = YES;
				CLANG_WARN_COMMA = YES;
				CLANG_WARN_CONSTANT_CONVERSION = YES;
				CLANG_WARN_DIRECT_OBJC_ISA_USAGE = YES_ERROR;
				CLANG_WARN_DOCUMENTATION_COMMENTS = YES;
				CLANG_WARN_EMPTY_BODY = YES;
				CLANG_WARN_ENUM_CONVERSION = YES;
				CLANG_WARN_INFINITE_RECURSION = YES;
				CLANG_WARN_INT_CONVERSION = YES;
				CLANG_WARN_NON_LITERAL_NULL_CONVERSION = YES;
				CLANG_WARN_OBJC_LITERAL_CONVERSION = YES;
				CLANG_WARN_OBJC_ROOT_CLASS = YES_ERROR;
				CLANG_WARN_RANGE_LOOP_ANALYSIS = YES;
				CLANG_WARN_STRICT_PROTOTYPES = YES;
				CLANG_WARN_SUSPICIOUS_MOVE = YES;
				CLANG_WARN_UNGUARDED_AVAILABILITY = YES_AGGRESSIVE;
				CLANG_WARN_UNREACHABLE_CODE = YES;
				CLANG_WARN__DUPLICATE_METHOD_MATCH = YES;
				CODE_SIGN_IDENTITY = "iPhone Developer";
				COPY_PHASE_STRIP = NO;
				DEBUG_INFORMATION_FORMAT = "dwarf-with-dsym";
				ENABLE_NS_ASSERTIONS = NO;
				ENABLE_STRICT_OBJC_MSGSEND = YES;
				GCC_C_LANGUAGE_STANDARD = gnu11;
				GCC_NO_COMMON_BLOCKS = YES;
				GCC_WARN_64_TO_32_BIT_CONVERSION = YES;
				GCC_WARN_ABOUT_RETURN_TYPE = YES_ERROR;
				GCC_WARN_UNDECLARED_SELECTOR = YES;
				GCC_WARN_UNINITIALIZED_AUTOS = YES_AGGRESSIVE;
				GCC_WARN_UNUSED_FUNCTION = YES;
				GCC_WARN_UNUSED_VARIABLE = YES;
				IPHONEOS_DEPLOYMENT_TARGET = 11.0;
				MTL_ENABLE_DEBUG_INFO = NO;
				SDKROOT = iphoneos;
				SWIFT_OPTIMIZATION_LEVEL = "-Owholemodule";
				VALIDATE_PRODUCT = YES;
			};
			name = Release;
		};
		A10112D71F470652002D69F8 /* Debug */ = {
			isa = XCBuildConfiguration;
			baseConfigurationReference = E744C9B15CB4279C153AF604 /* Pods-smack.debug.xcconfig */;
			buildSettings = {
				ASSETCATALOG_COMPILER_APPICON_NAME = AppIcon;
				CLANG_ENABLE_MODULES = YES;
				DEVELOPMENT_TEAM = 3L7H8VVRDT;
				INFOPLIST_FILE = smack/Info.plist;
				LD_RUNPATH_SEARCH_PATHS = "$(inherited) @executable_path/Frameworks";
				PRODUCT_BUNDLE_IDENTIFIER = com.andygreenough.smack;
				PRODUCT_NAME = "$(TARGET_NAME)";
				SWIFT_OBJC_BRIDGING_HEADER = "smack/Supporting Files/smack-Bridging-Header.h";
				SWIFT_OPTIMIZATION_LEVEL = "-Onone";
				SWIFT_VERSION = 4.0;
				TARGETED_DEVICE_FAMILY = "1,2";
			};
			name = Debug;
		};
		A10112D81F470652002D69F8 /* Release */ = {
			isa = XCBuildConfiguration;
			baseConfigurationReference = B086E3D041C26CC21EBE1D4F /* Pods-smack.release.xcconfig */;
			buildSettings = {
				ASSETCATALOG_COMPILER_APPICON_NAME = AppIcon;
				CLANG_ENABLE_MODULES = YES;
				DEVELOPMENT_TEAM = 3L7H8VVRDT;
				INFOPLIST_FILE = smack/Info.plist;
				LD_RUNPATH_SEARCH_PATHS = "$(inherited) @executable_path/Frameworks";
				PRODUCT_BUNDLE_IDENTIFIER = com.andygreenough.smack;
				PRODUCT_NAME = "$(TARGET_NAME)";
				SWIFT_OBJC_BRIDGING_HEADER = "smack/Supporting Files/smack-Bridging-Header.h";
				SWIFT_VERSION = 4.0;
				TARGETED_DEVICE_FAMILY = "1,2";
			};
			name = Release;
		};
/* End XCBuildConfiguration section */

/* Begin XCConfigurationList section */
		A10112BF1F470652002D69F8 /* Build configuration list for PBXProject "smack" */ = {
			isa = XCConfigurationList;
			buildConfigurations = (
				A10112D41F470652002D69F8 /* Debug */,
				A10112D51F470652002D69F8 /* Release */,
			);
			defaultConfigurationIsVisible = 0;
			defaultConfigurationName = Release;
		};
		A10112D61F470652002D69F8 /* Build configuration list for PBXNativeTarget "smack" */ = {
			isa = XCConfigurationList;
			buildConfigurations = (
				A10112D71F470652002D69F8 /* Debug */,
				A10112D81F470652002D69F8 /* Release */,
			);
			defaultConfigurationIsVisible = 0;
			defaultConfigurationName = Release;
		};
/* End XCConfigurationList section */
	};
	rootObject = A10112BC1F470652002D69F8 /* Project object */;
}
